// !$*UTF8*$!
{
	archiveVersion = 1;
	classes = {
	};
	objectVersion = 77;
	objects = {

/* Begin PBXContainerItemProxy section */
		48D9AD242EB6C0A00045F036 /* PBXContainerItemProxy */ = {
			isa = PBXContainerItemProxy;
			containerPortal = 48D9AD0E2EB6C09F0045F036 /* Project object */;
			proxyType = 1;
			remoteGlobalIDString = 48D9AD152EB6C09F0045F036;
			remoteInfo = FlatCapture;
		};
		48D9AD2E2EB6C0A00045F036 /* PBXContainerItemProxy */ = {
			isa = PBXContainerItemProxy;
			containerPortal = 48D9AD0E2EB6C09F0045F036 /* Project object */;
			proxyType = 1;
			remoteGlobalIDString = 48D9AD152EB6C09F0045F036;
			remoteInfo = FlatCapture;
		};
/* End PBXContainerItemProxy section */

/* Begin PBXFileReference section */
		48D9AD162EB6C09F0045F036 /* FlatCapture.app */ = {isa = PBXFileReference; explicitFileType = wrapper.application; includeInIndex = 0; path = FlatCapture.app; sourceTree = BUILT_PRODUCTS_DIR; };
		48D9AD232EB6C0A00045F036 /* FlatCaptureTests.xctest */ = {isa = PBXFileReference; explicitFileType = wrapper.cfbundle; includeInIndex = 0; path = FlatCaptureTests.xctest; sourceTree = BUILT_PRODUCTS_DIR; };
		48D9AD2D2EB6C0A00045F036 /* FlatCaptureUITests.xctest */ = {isa = PBXFileReference; explicitFileType = wrapper.cfbundle; includeInIndex = 0; path = FlatCaptureUITests.xctest; sourceTree = BUILT_PRODUCTS_DIR; };
/* End PBXFileReference section */

/* Begin PBXFileSystemSynchronizedRootGroup section */
		48D9AD182EB6C09F0045F036 /* FlatCapture */ = {
			isa = PBXFileSystemSynchronizedRootGroup;
			path = FlatCapture;
			sourceTree = "<group>";
		};
		48D9AD262EB6C0A00045F036 /* FlatCaptureTests */ = {
			isa = PBXFileSystemSynchronizedRootGroup;
			path = FlatCaptureTests;
			sourceTree = "<group>";
		};
		48D9AD302EB6C0A00045F036 /* FlatCaptureUITests */ = {
			isa = PBXFileSystemSynchronizedRootGroup;
			path = FlatCaptureUITests;
			sourceTree = "<group>";
		};
/* End PBXFileSystemSynchronizedRootGroup section */

/* Begin PBXFrameworksBuildPhase section */
		48D9AD132EB6C09F0045F036 /* Frameworks */ = {
			isa = PBXFrameworksBuildPhase;
			buildActionMask = 2147483647;
			files = (
			);
			runOnlyForDeploymentPostprocessing = 0;
		};
		48D9AD202EB6C0A00045F036 /* Frameworks */ = {
			isa = PBXFrameworksBuildPhase;
			buildActionMask = 2147483647;
			files = (
			);
			runOnlyForDeploymentPostprocessing = 0;
		};
		48D9AD2A2EB6C0A00045F036 /* Frameworks */ = {
			isa = PBXFrameworksBuildPhase;
			buildActionMask = 2147483647;
			files = (
			);
			runOnlyForDeploymentPostprocessing = 0;
		};
/* End PBXFrameworksBuildPhase section */

/* Begin PBXGroup section */
		48D9AD0D2EB6C09F0045F036 = {
			isa = PBXGroup;
			children = (
				48D9AD182EB6C09F0045F036 /* FlatCapture */,
				48D9AD262EB6C0A00045F036 /* FlatCaptureTests */,
				48D9AD302EB6C0A00045F036 /* FlatCaptureUITests */,
				48D9AD172EB6C09F0045F036 /* Products */,
			);
			sourceTree = "<group>";
		};
		48D9AD172EB6C09F0045F036 /* Products */ = {
			isa = PBXGroup;
			children = (
				48D9AD162EB6C09F0045F036 /* FlatCapture.app */,
				48D9AD232EB6C0A00045F036 /* FlatCaptureTests.xctest */,
				48D9AD2D2EB6C0A00045F036 /* FlatCaptureUITests.xctest */,
			);
			name = Products;
			sourceTree = "<group>";
		};
/* End PBXGroup section */

/* Begin PBXNativeTarget section */
		48D9AD152EB6C09F0045F036 /* FlatCapture */ = {
			isa = PBXNativeTarget;
			buildConfigurationList = 48D9AD372EB6C0A00045F036 /* Build configuration list for PBXNativeTarget "FlatCapture" */;
			buildPhases = (
				48D9AD122EB6C09F0045F036 /* Sources */,
				48D9AD132EB6C09F0045F036 /* Frameworks */,
				48D9AD142EB6C09F0045F036 /* Resources */,
			);
			buildRules = (
			);
			dependencies = (
			);
			fileSystemSynchronizedGroups = (
				48D9AD182EB6C09F0045F036 /* FlatCapture */,
			);
			name = FlatCapture;
			packageProductDependencies = (
			);
			productName = FlatCapture;
			productReference = 48D9AD162EB6C09F0045F036 /* FlatCapture.app */;
			productType = "com.apple.product-type.application";
		};
		48D9AD222EB6C0A00045F036 /* FlatCaptureTests */ = {
			isa = PBXNativeTarget;
			buildConfigurationList = 48D9AD3A2EB6C0A00045F036 /* Build configuration list for PBXNativeTarget "FlatCaptureTests" */;
			buildPhases = (
				48D9AD1F2EB6C0A00045F036 /* Sources */,
				48D9AD202EB6C0A00045F036 /* Frameworks */,
				48D9AD212EB6C0A00045F036 /* Resources */,
			);
			buildRules = (
			);
			dependencies = (
				48D9AD252EB6C0A00045F036 /* PBXTargetDependency */,
			);
			fileSystemSynchronizedGroups = (
				48D9AD262EB6C0A00045F036 /* FlatCaptureTests */,
			);
			name = FlatCaptureTests;
			packageProductDependencies = (
			);
			productName = FlatCaptureTests;
			productReference = 48D9AD232EB6C0A00045F036 /* FlatCaptureTests.xctest */;
			productType = "com.apple.product-type.bundle.unit-test";
		};
		48D9AD2C2EB6C0A00045F036 /* FlatCaptureUITests */ = {
			isa = PBXNativeTarget;
			buildConfigurationList = 48D9AD3D2EB6C0A00045F036 /* Build configuration list for PBXNativeTarget "FlatCaptureUITests" */;
			buildPhases = (
				48D9AD292EB6C0A00045F036 /* Sources */,
				48D9AD2A2EB6C0A00045F036 /* Frameworks */,
				48D9AD2B2EB6C0A00045F036 /* Resources */,
			);
			buildRules = (
			);
			dependencies = (
				48D9AD2F2EB6C0A00045F036 /* PBXTargetDependency */,
			);
			fileSystemSynchronizedGroups = (
				48D9AD302EB6C0A00045F036 /* FlatCaptureUITests */,
			);
			name = FlatCaptureUITests;
			packageProductDependencies = (
			);
			productName = FlatCaptureUITests;
			productReference = 48D9AD2D2EB6C0A00045F036 /* FlatCaptureUITests.xctest */;
			productType = "com.apple.product-type.bundle.ui-testing";
		};
/* End PBXNativeTarget section */

/* Begin PBXProject section */
		48D9AD0E2EB6C09F0045F036 /* Project object */ = {
			isa = PBXProject;
			attributes = {
				BuildIndependentTargetsInParallel = 1;
				LastSwiftUpdateCheck = 2600;
				LastUpgradeCheck = 2600;
				TargetAttributes = {
					48D9AD152EB6C09F0045F036 = {
						CreatedOnToolsVersion = 26.0.1;
					};
					48D9AD222EB6C0A00045F036 = {
						CreatedOnToolsVersion = 26.0.1;
						TestTargetID = 48D9AD152EB6C09F0045F036;
					};
					48D9AD2C2EB6C0A00045F036 = {
						CreatedOnToolsVersion = 26.0.1;
						TestTargetID = 48D9AD152EB6C09F0045F036;
					};
				};
			};
			buildConfigurationList = 48D9AD112EB6C09F0045F036 /* Build configuration list for PBXProject "FlatCapture" */;
			developmentRegion = en;
			hasScannedForEncodings = 0;
			knownRegions = (
				en,
				Base,
			);
			mainGroup = 48D9AD0D2EB6C09F0045F036;
			minimizedProjectReferenceProxies = 1;
			preferredProjectObjectVersion = 77;
			productRefGroup = 48D9AD172EB6C09F0045F036 /* Products */;
			projectDirPath = "";
			projectRoot = "";
			targets = (
				48D9AD152EB6C09F0045F036 /* FlatCapture */,
				48D9AD222EB6C0A00045F036 /* FlatCaptureTests */,
				48D9AD2C2EB6C0A00045F036 /* FlatCaptureUITests */,
			);
		};
/* End PBXProject section */

/* Begin PBXResourcesBuildPhase section */
		48D9AD142EB6C09F0045F036 /* Resources */ = {
			isa = PBXResourcesBuildPhase;
			buildActionMask = 2147483647;
			files = (
			);
			runOnlyForDeploymentPostprocessing = 0;
		};
		48D9AD212EB6C0A00045F036 /* Resources */ = {
			isa = PBXResourcesBuildPhase;
			buildActionMask = 2147483647;
			files = (
			);
			runOnlyForDeploymentPostprocessing = 0;
		};
		48D9AD2B2EB6C0A00045F036 /* Resources */ = {
			isa = PBXResourcesBuildPhase;
			buildActionMask = 2147483647;
			files = (
			);
			runOnlyForDeploymentPostprocessing = 0;
		};
/* End PBXResourcesBuildPhase section */

/* Begin PBXSourcesBuildPhase section */
		48D9AD122EB6C09F0045F036 /* Sources */ = {
			isa = PBXSourcesBuildPhase;
			buildActionMask = 2147483647;
			files = (
			);
			runOnlyForDeploymentPostprocessing = 0;
		};
		48D9AD1F2EB6C0A00045F036 /* Sources */ = {
			isa = PBXSourcesBuildPhase;
			buildActionMask = 2147483647;
			files = (
			);
			runOnlyForDeploymentPostprocessing = 0;
		};
		48D9AD292EB6C0A00045F036 /* Sources */ = {
			isa = PBXSourcesBuildPhase;
			buildActionMask = 2147483647;
			files = (
			);
			runOnlyForDeploymentPostprocessing = 0;
		};
/* End PBXSourcesBuildPhase section */

/* Begin PBXTargetDependency section */
		48D9AD252EB6C0A00045F036 /* PBXTargetDependency */ = {
			isa = PBXTargetDependency;
			target = 48D9AD152EB6C09F0045F036 /* FlatCapture */;
			targetProxy = 48D9AD242EB6C0A00045F036 /* PBXContainerItemProxy */;
		};
		48D9AD2F2EB6C0A00045F036 /* PBXTargetDependency */ = {
			isa = PBXTargetDependency;
			target = 48D9AD152EB6C09F0045F036 /* FlatCapture */;
			targetProxy = 48D9AD2E2EB6C0A00045F036 /* PBXContainerItemProxy */;
		};
/* End PBXTargetDependency section */

/* Begin XCBuildConfiguration section */
		48D9AD352EB6C0A00045F036 /* Debug */ = {
			isa = XCBuildConfiguration;
			buildSettings = {
				ALWAYS_SEARCH_USER_PATHS = NO;
				ASSETCATALOG_COMPILER_GENERATE_SWIFT_ASSET_SYMBOL_EXTENSIONS = YES;
				CLANG_ANALYZER_NONNULL = YES;
				CLANG_ANALYZER_NUMBER_OBJECT_CONVERSION = YES_AGGRESSIVE;
				CLANG_CXX_LANGUAGE_STANDARD = "gnu++20";
				CLANG_ENABLE_MODULES = YES;
				CLANG_ENABLE_OBJC_ARC = YES;
				CLANG_ENABLE_OBJC_WEAK = YES;
				CLANG_WARN_BLOCK_CAPTURE_AUTORELEASING = YES;
				CLANG_WARN_BOOL_CONVERSION = YES;
				CLANG_WARN_COMMA = YES;
				CLANG_WARN_CONSTANT_CONVERSION = YES;
				CLANG_WARN_DEPRECATED_OBJC_IMPLEMENTATIONS = YES;
				CLANG_WARN_DIRECT_OBJC_ISA_USAGE = YES_ERROR;
				CLANG_WARN_DOCUMENTATION_COMMENTS = YES;
				CLANG_WARN_EMPTY_BODY = YES;
				CLANG_WARN_ENUM_CONVERSION = YES;
				CLANG_WARN_INFINITE_RECURSION = YES;
				CLANG_WARN_INT_CONVERSION = YES;
				CLANG_WARN_NON_LITERAL_NULL_CONVERSION = YES;
				CLANG_WARN_OBJC_IMPLICIT_RETAIN_SELF = YES;
				CLANG_WARN_OBJC_LITERAL_CONVERSION = YES;
				CLANG_WARN_OBJC_ROOT_CLASS = YES_ERROR;
				CLANG_WARN_QUOTED_INCLUDE_IN_FRAMEWORK_HEADER = YES;
				CLANG_WARN_RANGE_LOOP_ANALYSIS = YES;
				CLANG_WARN_STRICT_PROTOTYPES = YES;
				CLANG_WARN_SUSPICIOUS_MOVE = YES;
				CLANG_WARN_UNGUARDED_AVAILABILITY = YES_AGGRESSIVE;
				CLANG_WARN_UNREACHABLE_CODE = YES;
				CLANG_WARN__DUPLICATE_METHOD_MATCH = YES;
				COPY_PHASE_STRIP = NO;
				DEBUG_INFORMATION_FORMAT = dwarf;
				DEVELOPMENT_TEAM = F6ZLP33JHF;
				ENABLE_STRICT_OBJC_MSGSEND = YES;
				ENABLE_TESTABILITY = YES;
				ENABLE_USER_SCRIPT_SANDBOXING = YES;
				GCC_C_LANGUAGE_STANDARD = gnu17;
				GCC_DYNAMIC_NO_PIC = NO;
				GCC_NO_COMMON_BLOCKS = YES;
				GCC_OPTIMIZATION_LEVEL = 0;
				GCC_PREPROCESSOR_DEFINITIONS = (
					"DEBUG=1",
					"$(inherited)",
				);
				GCC_WARN_64_TO_32_BIT_CONVERSION = YES;
				GCC_WARN_ABOUT_RETURN_TYPE = YES_ERROR;
				GCC_WARN_UNDECLARED_SELECTOR = YES;
				GCC_WARN_UNINITIALIZED_AUTOS = YES_AGGRESSIVE;
				GCC_WARN_UNUSED_FUNCTION = YES;
				GCC_WARN_UNUSED_VARIABLE = YES;
				IPHONEOS_DEPLOYMENT_TARGET = 26.0;
				LOCALIZATION_PREFERS_STRING_CATALOGS = YES;
				MTL_ENABLE_DEBUG_INFO = INCLUDE_SOURCE;
				MTL_FAST_MATH = YES;
				ONLY_ACTIVE_ARCH = YES;
				SDKROOT = iphoneos;
				SWIFT_ACTIVE_COMPILATION_CONDITIONS = "DEBUG $(inherited)";
				SWIFT_OPTIMIZATION_LEVEL = "-Onone";
			};
			name = Debug;
		};
		48D9AD362EB6C0A00045F036 /* Release */ = {
			isa = XCBuildConfiguration;
			buildSettings = {
				ALWAYS_SEARCH_USER_PATHS = NO;
				ASSETCATALOG_COMPILER_GENERATE_SWIFT_ASSET_SYMBOL_EXTENSIONS = YES;
				CLANG_ANALYZER_NONNULL = YES;
				CLANG_ANALYZER_NUMBER_OBJECT_CONVERSION = YES_AGGRESSIVE;
				CLANG_CXX_LANGUAGE_STANDARD = "gnu++20";
				CLANG_ENABLE_MODULES = YES;
				CLANG_ENABLE_OBJC_ARC = YES;
				CLANG_ENABLE_OBJC_WEAK = YES;
				CLANG_WARN_BLOCK_CAPTURE_AUTORELEASING = YES;
				CLANG_WARN_BOOL_CONVERSION = YES;
				CLANG_WARN_COMMA = YES;
				CLANG_WARN_CONSTANT_CONVERSION = YES;
				CLANG_WARN_DEPRECATED_OBJC_IMPLEMENTATIONS = YES;
				CLANG_WARN_DIRECT_OBJC_ISA_USAGE = YES_ERROR;
				CLANG_WARN_DOCUMENTATION_COMMENTS = YES;
				CLANG_WARN_EMPTY_BODY = YES;
				CLANG_WARN_ENUM_CONVERSION = YES;
				CLANG_WARN_INFINITE_RECURSION = YES;
				CLANG_WARN_INT_CONVERSION = YES;
				CLANG_WARN_NON_LITERAL_NULL_CONVERSION = YES;
				CLANG_WARN_OBJC_IMPLICIT_RETAIN_SELF = YES;
				CLANG_WARN_OBJC_LITERAL_CONVERSION = YES;
				CLANG_WARN_OBJC_ROOT_CLASS = YES_ERROR;
				CLANG_WARN_QUOTED_INCLUDE_IN_FRAMEWORK_HEADER = YES;
				CLANG_WARN_RANGE_LOOP_ANALYSIS = YES;
				CLANG_WARN_STRICT_PROTOTYPES = YES;
				CLANG_WARN_SUSPICIOUS_MOVE = YES;
				CLANG_WARN_UNGUARDED_AVAILABILITY = YES_AGGRESSIVE;
				CLANG_WARN_UNREACHABLE_CODE = YES;
				CLANG_WARN__DUPLICATE_METHOD_MATCH = YES;
				COPY_PHASE_STRIP = NO;
				DEBUG_INFORMATION_FORMAT = "dwarf-with-dsym";
				DEVELOPMENT_TEAM = F6ZLP33JHF;
				ENABLE_NS_ASSERTIONS = NO;
				ENABLE_STRICT_OBJC_MSGSEND = YES;
				ENABLE_USER_SCRIPT_SANDBOXING = YES;
				GCC_C_LANGUAGE_STANDARD = gnu17;
				GCC_NO_COMMON_BLOCKS = YES;
				GCC_WARN_64_TO_32_BIT_CONVERSION = YES;
				GCC_WARN_ABOUT_RETURN_TYPE = YES_ERROR;
				GCC_WARN_UNDECLARED_SELECTOR = YES;
				GCC_WARN_UNINITIALIZED_AUTOS = YES_AGGRESSIVE;
				GCC_WARN_UNUSED_FUNCTION = YES;
				GCC_WARN_UNUSED_VARIABLE = YES;
				IPHONEOS_DEPLOYMENT_TARGET = 26.0;
				LOCALIZATION_PREFERS_STRING_CATALOGS = YES;
				MTL_ENABLE_DEBUG_INFO = NO;
				MTL_FAST_MATH = YES;
				SDKROOT = iphoneos;
				SWIFT_COMPILATION_MODE = wholemodule;
				VALIDATE_PRODUCT = YES;
			};
			name = Release;
		};
		48D9AD382EB6C0A00045F036 /* Debug */ = {
			isa = XCBuildConfiguration;
			buildSettings = {
				ASSETCATALOG_COMPILER_APPICON_NAME = AppIcon;
				ASSETCATALOG_COMPILER_GLOBAL_ACCENT_COLOR_NAME = AccentColor;
				CODE_SIGN_STYLE = Automatic;
				CURRENT_PROJECT_VERSION = 1;
				DEVELOPMENT_TEAM = F6ZLP33JHF;
				ENABLE_PREVIEWS = YES;
				GENERATE_INFOPLIST_FILE = YES;
				INFOPLIST_KEY_NSCameraUsageDescription = "FlatCapture needs camera access to record your captures.";
				INFOPLIST_KEY_NSMotionUsageDescription = "FlatCapture uses motion data to keep your recordings level and stable.";
				INFOPLIST_KEY_NSPhotoLibraryAddUsageDescription = "FlatCapture needs permission to save your finished captures to the photo library.";
				INFOPLIST_KEY_UIApplicationSceneManifest_Generation = YES;
				INFOPLIST_KEY_UIApplicationSupportsIndirectInputEvents = YES;
				INFOPLIST_KEY_UILaunchScreen_Generation = YES;
				INFOPLIST_KEY_UISupportedInterfaceOrientations_iPad = "UIInterfaceOrientationPortrait UIInterfaceOrientationPortraitUpsideDown UIInterfaceOrientationLandscapeLeft UIInterfaceOrientationLandscapeRight";
				INFOPLIST_KEY_UISupportedInterfaceOrientations_iPhone = "UIInterfaceOrientationPortrait UIInterfaceOrientationLandscapeLeft UIInterfaceOrientationLandscapeRight";
				LD_RUNPATH_SEARCH_PATHS = (
					"$(inherited)",
					"@executable_path/Frameworks",
				);
				MARKETING_VERSION = 1.0;
				PRODUCT_BUNDLE_IDENTIFIER = org.hillbrook.FlatCapture;
				PRODUCT_NAME = "$(TARGET_NAME)";
				STRING_CATALOG_GENERATE_SYMBOLS = YES;
				SWIFT_APPROACHABLE_CONCURRENCY = YES;
				SWIFT_DEFAULT_ACTOR_ISOLATION = MainActor;
				SWIFT_EMIT_LOC_STRINGS = YES;
				SWIFT_UPCOMING_FEATURE_MEMBER_IMPORT_VISIBILITY = YES;
				SWIFT_VERSION = 5.0;
				TARGETED_DEVICE_FAMILY = "1,2";
			};
			name = Debug;
		};
		48D9AD392EB6C0A00045F036 /* Release */ = {
			isa = XCBuildConfiguration;
			buildSettings = {
				ASSETCATALOG_COMPILER_APPICON_NAME = AppIcon;
				ASSETCATALOG_COMPILER_GLOBAL_ACCENT_COLOR_NAME = AccentColor;
				CODE_SIGN_STYLE = Automatic;
				CURRENT_PROJECT_VERSION = 1;
				DEVELOPMENT_TEAM = F6ZLP33JHF;
				ENABLE_PREVIEWS = YES;
				GENERATE_INFOPLIST_FILE = YES;
				INFOPLIST_KEY_NSCameraUsageDescription = "FlatCapture needs camera access to record your captures.";
				INFOPLIST_KEY_NSMotionUsageDescription = "FlatCapture uses motion data to keep your recordings level and stable.";
				INFOPLIST_KEY_NSPhotoLibraryAddUsageDescription = "FlatCapture needs permission to save your finished captures to the photo library.";
				INFOPLIST_KEY_UIApplicationSceneManifest_Generation = YES;
				INFOPLIST_KEY_UIApplicationSupportsIndirectInputEvents = YES;
				INFOPLIST_KEY_UILaunchScreen_Generation = YES;
				INFOPLIST_KEY_UISupportedInterfaceOrientations_iPad = "UIInterfaceOrientationPortrait UIInterfaceOrientationPortraitUpsideDown UIInterfaceOrientationLandscapeLeft UIInterfaceOrientationLandscapeRight";
				INFOPLIST_KEY_UISupportedInterfaceOrientations_iPhone = "UIInterfaceOrientationPortrait UIInterfaceOrientationLandscapeLeft UIInterfaceOrientationLandscapeRight";
				LD_RUNPATH_SEARCH_PATHS = (
					"$(inherited)",
					"@executable_path/Frameworks",
				);
				MARKETING_VERSION = 1.0;
				PRODUCT_BUNDLE_IDENTIFIER = org.hillbrook.FlatCapture;
				PRODUCT_NAME = "$(TARGET_NAME)";
				STRING_CATALOG_GENERATE_SYMBOLS = YES;
				SWIFT_APPROACHABLE_CONCURRENCY = YES;
				SWIFT_DEFAULT_ACTOR_ISOLATION = MainActor;
				SWIFT_EMIT_LOC_STRINGS = YES;
				SWIFT_UPCOMING_FEATURE_MEMBER_IMPORT_VISIBILITY = YES;
				SWIFT_VERSION = 5.0;
				TARGETED_DEVICE_FAMILY = "1,2";
			};
			name = Release;
		};
		48D9AD3B2EB6C0A00045F036 /* Debug */ = {
			isa = XCBuildConfiguration;
			buildSettings = {
				BUNDLE_LOADER = "$(TEST_HOST)";
				CODE_SIGN_STYLE = Automatic;
				CURRENT_PROJECT_VERSION = 1;
				DEVELOPMENT_TEAM = F6ZLP33JHF;
				GENERATE_INFOPLIST_FILE = YES;
				IPHONEOS_DEPLOYMENT_TARGET = 26.0;
				MARKETING_VERSION = 1.0;
				PRODUCT_BUNDLE_IDENTIFIER = org.hillbrook.FlatCaptureTests;
				PRODUCT_NAME = "$(TARGET_NAME)";
				STRING_CATALOG_GENERATE_SYMBOLS = NO;
				SWIFT_APPROACHABLE_CONCURRENCY = YES;
				SWIFT_EMIT_LOC_STRINGS = NO;
				SWIFT_UPCOMING_FEATURE_MEMBER_IMPORT_VISIBILITY = YES;
				SWIFT_VERSION = 5.0;
				TARGETED_DEVICE_FAMILY = "1,2";
				TEST_HOST = "$(BUILT_PRODUCTS_DIR)/FlatCapture.app/$(BUNDLE_EXECUTABLE_FOLDER_PATH)/FlatCapture";
			};
			name = Debug;
		};
		48D9AD3C2EB6C0A00045F036 /* Release */ = {
			isa = XCBuildConfiguration;
			buildSettings = {
				BUNDLE_LOADER = "$(TEST_HOST)";
				CODE_SIGN_STYLE = Automatic;
				CURRENT_PROJECT_VERSION = 1;
				DEVELOPMENT_TEAM = F6ZLP33JHF;
				GENERATE_INFOPLIST_FILE = YES;
				IPHONEOS_DEPLOYMENT_TARGET = 26.0;
				MARKETING_VERSION = 1.0;
				PRODUCT_BUNDLE_IDENTIFIER = org.hillbrook.FlatCaptureTests;
				PRODUCT_NAME = "$(TARGET_NAME)";
				STRING_CATALOG_GENERATE_SYMBOLS = NO;
				SWIFT_APPROACHABLE_CONCURRENCY = YES;
				SWIFT_EMIT_LOC_STRINGS = NO;
				SWIFT_UPCOMING_FEATURE_MEMBER_IMPORT_VISIBILITY = YES;
				SWIFT_VERSION = 5.0;
				TARGETED_DEVICE_FAMILY = "1,2";
				TEST_HOST = "$(BUILT_PRODUCTS_DIR)/FlatCapture.app/$(BUNDLE_EXECUTABLE_FOLDER_PATH)/FlatCapture";
			};
			name = Release;
		};
		48D9AD3E2EB6C0A00045F036 /* Debug */ = {
			isa = XCBuildConfiguration;
			buildSettings = {
				CODE_SIGN_STYLE = Automatic;
				CURRENT_PROJECT_VERSION = 1;
				DEVELOPMENT_TEAM = F6ZLP33JHF;
				GENERATE_INFOPLIST_FILE = YES;
				MARKETING_VERSION = 1.0;
				PRODUCT_BUNDLE_IDENTIFIER = org.hillbrook.FlatCaptureUITests;
				PRODUCT_NAME = "$(TARGET_NAME)";
				STRING_CATALOG_GENERATE_SYMBOLS = NO;
				SWIFT_APPROACHABLE_CONCURRENCY = YES;
				SWIFT_EMIT_LOC_STRINGS = NO;
				SWIFT_UPCOMING_FEATURE_MEMBER_IMPORT_VISIBILITY = YES;
				SWIFT_VERSION = 5.0;
				TARGETED_DEVICE_FAMILY = "1,2";
				TEST_TARGET_NAME = FlatCapture;
			};
			name = Debug;
		};
		48D9AD3F2EB6C0A00045F036 /* Release */ = {
			isa = XCBuildConfiguration;
			buildSettings = {
				CODE_SIGN_STYLE = Automatic;
				CURRENT_PROJECT_VERSION = 1;
				DEVELOPMENT_TEAM = F6ZLP33JHF;
				GENERATE_INFOPLIST_FILE = YES;
				MARKETING_VERSION = 1.0;
				PRODUCT_BUNDLE_IDENTIFIER = org.hillbrook.FlatCaptureUITests;
				PRODUCT_NAME = "$(TARGET_NAME)";
				STRING_CATALOG_GENERATE_SYMBOLS = NO;
				SWIFT_APPROACHABLE_CONCURRENCY = YES;
				SWIFT_EMIT_LOC_STRINGS = NO;
				SWIFT_UPCOMING_FEATURE_MEMBER_IMPORT_VISIBILITY = YES;
				SWIFT_VERSION = 5.0;
				TARGETED_DEVICE_FAMILY = "1,2";
				TEST_TARGET_NAME = FlatCapture;
			};
			name = Release;
		};
/* End XCBuildConfiguration section */

/* Begin XCConfigurationList section */
		48D9AD112EB6C09F0045F036 /* Build configuration list for PBXProject "FlatCapture" */ = {
			isa = XCConfigurationList;
			buildConfigurations = (
				48D9AD352EB6C0A00045F036 /* Debug */,
				48D9AD362EB6C0A00045F036 /* Release */,
			);
			defaultConfigurationIsVisible = 0;
			defaultConfigurationName = Release;
		};
		48D9AD372EB6C0A00045F036 /* Build configuration list for PBXNativeTarget "FlatCapture" */ = {
			isa = XCConfigurationList;
			buildConfigurations = (
				48D9AD382EB6C0A00045F036 /* Debug */,
				48D9AD392EB6C0A00045F036 /* Release */,
			);
			defaultConfigurationIsVisible = 0;
			defaultConfigurationName = Release;
		};
		48D9AD3A2EB6C0A00045F036 /* Build configuration list for PBXNativeTarget "FlatCaptureTests" */ = {
			isa = XCConfigurationList;
			buildConfigurations = (
				48D9AD3B2EB6C0A00045F036 /* Debug */,
				48D9AD3C2EB6C0A00045F036 /* Release */,
			);
			defaultConfigurationIsVisible = 0;
			defaultConfigurationName = Release;
		};
		48D9AD3D2EB6C0A00045F036 /* Build configuration list for PBXNativeTarget "FlatCaptureUITests" */ = {
			isa = XCConfigurationList;
			buildConfigurations = (
				48D9AD3E2EB6C0A00045F036 /* Debug */,
				48D9AD3F2EB6C0A00045F036 /* Release */,
			);
			defaultConfigurationIsVisible = 0;
			defaultConfigurationName = Release;
		};
/* End XCConfigurationList section */
	};
	rootObject = 48D9AD0E2EB6C09F0045F036 /* Project object */;
}
